schema: '2.0'
stages:
  load_data:
    cmd: python src/load_data.py --config=params.yaml
    deps:
    - path: data_given/ai4i2020.csv
      md5: 399512e3f0c18aa56d036f7d78fe96b1
      size: 522048
    - path: src/get_data.py
      md5: 49a0ff7f672100c995b2720129f61cb2
      size: 904
    - path: src/load_data.py
      md5: 1ed0743ae9cb0608c556fd28acf6b13a
      size: 754
    outs:
    - path: data/raw/ai4i2020.csv
      md5: 0208394211f81038e73fb9437fbb19ed
      size: 523915
  split_data:
    cmd: python src/split_data.py --config=params.yaml
    deps:
    - path: data/raw/ai4i2020.csv
      md5: 0208394211f81038e73fb9437fbb19ed
      size: 523915
    - path: src/split_data.py
      md5: 8a53dc52e88966a29800f02663f59bd5
      size: 1449
    outs:
    - path: data/processed/test_ai4i2020.csv
      md5: ba1999caca51933609d278903bf76ec2
      size: 104905
    - path: data/processed/train_ai4i2020.csv
      md5: 9e9aba78ec42a131b5448edc7b6fc53d
      size: 419162
  train_and_evaluate:
    cmd: python src/train_and_evaluate.py --config=params.yaml
    deps:
    - path: data/processed/test_ai4i2020.csv
      md5: ba1999caca51933609d278903bf76ec2
      size: 104905
    - path: data/processed/train_ai4i2020.csv
      md5: 9e9aba78ec42a131b5448edc7b6fc53d
      size: 419162
    - path: src/train_and_evaluate.py
      md5: 9331563695790dc16b0f8dbb23f04edd
      size: 5829
    params:
      params.yaml:
        estimators.ElasticNet.params1.alpha: None
        estimators.ElasticNet.params1.cv: 10
        estimators2.RidgeCV.params2.alphaA: 0.1
        estimators2.RidgeCV.params2.alphaB: 1.0
        estimators2.RidgeCV.params2.alphaC: 9.0
        estimators2.RidgeCV.params2.cvR: 10
        estimators3.LassoCV.params3.cv: 10
        estimators3.LassoCV.params3.maxiter: 20000
    outs:
    - path: report/params.json
      md5: a707253379a046ec83ba2d1df250ecc0
      size: 25
    - path: report/scores.json
      md5: 15704eea608164b569a0d084d8ee21b0
      size: 98
    - path: saved_models/model.joblib
      md5: ae98e87be9bca9e25321c8198ff1c4e2
      size: 814
